
Microsoft Visual Studio Solution File, Format Version 12.00
# Visual Studio Version 16
VisualStudioVersion = 16.0.30225.117
MinimumVisualStudioVersion = 10.0.40219.1
Project("{FAE04EC0-301F-11D3-BF4B-00C04F79EFBC}") = "QuanLyShop", "QuanLyShop\QuanLyShop.csproj", "{B4785694-098D-4B93-BE80-EFC905A84DF3}"
EndProject
Global
	GlobalSection(SolutionConfigurationPlatforms) = preSolution
		Debug|Any CPU = Debug|Any CPU
		Release|Any CPU = Release|Any CPU
	EndGlobalSection
	GlobalSection(ProjectConfigurationPlatforms) = postSolution
		{B4785694-098D-4B93-BE80-EFC905A84DF3}.Debug|Any CPU.ActiveCfg = Debug|Any CPU
		{B4785694-098D-4B93-BE80-EFC905A84DF3}.Debug|Any CPU.Build.0 = Debug|Any CPU
		{B4785694-098D-4B93-BE80-EFC905A84DF3}.Release|Any CPU.ActiveCfg = Release|Any CPU
		{B4785694-098D-4B93-BE80-EFC905A84DF3}.Release|Any CPU.Build.0 = Release|Any CPU
	EndGlobalSection
	GlobalSection(SolutionProperties) = preSolution
		HideSolutionNode = FALSE
	EndGlobalSection
	GlobalSection(ExtensibilityGlobals) = postSolution
		SolutionGuid = {E26AE34D-4FE3-4589-A137-53F54F9AB53E}
	EndGlobalSection
EndGlobal
